{
  "name": "product-availability",
  "lockfileVersion": 3,
  "requires": true,
  "packages": {
    "": {
      "name": "product-availability",
      "dependencies": {
        "class-transformer": "^0.5.1",
        "class-validator": "^0.15.1"
      }
    },
    "node_modules/@types/validator": {
      "version": "13.15.10",
      "resolved": "https://registry.npmjs.org/@types/validator/-/validator-13.15.10.tgz",
      "integrity": "sha512-T8L6i7wCuyoK8A/ZeLYt1+q0ty3Zb9+qbSSvrIVitzT3YjZqkTZ40IbRsPanlB4h1QB3JVL1SYCdR6ngtFYcuA==",
      "license": "MIT"
    },
    "node_modules/class-transformer": {
      "version": "0.5.1",
      "resolved": "https://registry.npmjs.org/class-transformer/-/class-transformer-0.5.1.tgz",
      "integrity": "sha512-SQa1Ws6hUbfC98vKGxZH3KFY0Y1lm5Zm0SY8XX9zbK7FJCyVEac3ATW0RIpwzW+oOfmHE5PMPufDG9hCfoEOMw==",
      "license": "MIT"
    },
    "node_modules/class-validator": {
      "version": "0.15.1",
      "resolved": "https://registry.npmjs.org/class-validator/-/class-validator-0.15.1.tgz",
      "integrity": "sha512-LqoS80HBBSCVhz/3KloUly0ovokxpdOLR++Al3J3+dHXWt9sTKlKd4eYtoxhxyUjoe5+UcIM+5k9MIxyBWnRTw==",
      "license": "MIT",
      "dependencies": {
        "@types/validator": "^13.15.3",
        "libphonenumber-js": "^1.11.1",
        "validator": "^13.15.22"
      }
    },
    "node_modules/libphonenumber-js": {
      "version": "1.13.12",
      "resolved": "https://registry.npmjs.org/libphonenumber-js/-/libphonenumber-js-1.13.12.tgz",
      "integrity": "sha512-uLVeV1c9OTk6qkdqnj+mpMD+ZdnZ0szVyWu58HwMmpwkHA1gCEkyjd3veZQXDnuw9KEwSRjcc9B1pS9XKIN1fA==",
      "license": "MIT"
    },
    "node_modules/validator": {
      "version": "13.15.35",
      "resolved": "https://registry.npmjs.org/validator/-/validator-13.15.35.tgz",
      "integrity": "sha512-TQ5pAGhd5whStmqWvYF4OjQROlmv9SMFVt37qoCBdqRffuuklWYQlCNnEs2ZaIBD1kZRNnikiZOS1eqgkar0iw==",
      "license": "MIT",
      "engines": {
        "node": ">= 0.10"
      }
    }
  }
}
